// !$*UTF8*$!
{
	archiveVersion = 1;
	classes = {
	};
	objectVersion = 56;
	objects = {

/* Begin PBXBuildFile section */
		1AEADBA606700196CF14DCB6 /* Pods_LinguaLink.framework in Frameworks */ = {isa = PBXBuildFile; fileRef = 65ADE5247B392913DC7A83DF /* Pods_LinguaLink.framework */; };
		EE2F3CFA2AAED7250053A2D4 /* OCRManager.swift in Sources */ = {isa = PBXBuildFile; fileRef = EE2F3CF92AAED7250053A2D4 /* OCRManager.swift */; };
		EE2F3CFE2AAEE4DA0053A2D4 /* CameraManager.swift in Sources */ = {isa = PBXBuildFile; fileRef = EE2F3CFD2AAEE4DA0053A2D4 /* CameraManager.swift */; };
		EE2F3D002AAEE7E20053A2D4 /* ImagePicker.swift in Sources */ = {isa = PBXBuildFile; fileRef = EE2F3CFF2AAEE7E20053A2D4 /* ImagePicker.swift */; };
		EE5174872AAF618800CFB249 /* LanguageDetectionManager.swift in Sources */ = {isa = PBXBuildFile; fileRef = EE5174862AAF618800CFB249 /* LanguageDetectionManager.swift */; };
		EE5174892AB0089000CFB249 /* SpeakTextManager.swift in Sources */ = {isa = PBXBuildFile; fileRef = EE5174882AB0089000CFB249 /* SpeakTextManager.swift */; };
		EE51748B2AB01EF500CFB249 /* PopUpViewModel.swift in Sources */ = {isa = PBXBuildFile; fileRef = EE51748A2AB01EF500CFB249 /* PopUpViewModel.swift */; };
		EE51748D2AB01F3300CFB249 /* PopUpView.swift in Sources */ = {isa = PBXBuildFile; fileRef = EE51748C2AB01F3300CFB249 /* PopUpView.swift */; };
		EE51748F2AB148F700CFB249 /* TranslationHistoryDetailView.swift in Sources */ = {isa = PBXBuildFile; fileRef = EE51748E2AB148F700CFB249 /* TranslationHistoryDetailView.swift */; };
		EE5174912AB2A39000CFB249 /* TranslationHistoryCellView.swift in Sources */ = {isa = PBXBuildFile; fileRef = EE5174902AB2A39000CFB249 /* TranslationHistoryCellView.swift */; };
		EE5174932AB2E28C00CFB249 /* TranslationHistoryViewModel.swift in Sources */ = {isa = PBXBuildFile; fileRef = EE5174922AB2E28C00CFB249 /* TranslationHistoryViewModel.swift */; };
		EE8A85502AB418D20074E0FB /* OpenAIServiceManager.swift in Sources */ = {isa = PBXBuildFile; fileRef = EE8A854F2AB418D20074E0FB /* OpenAIServiceManager.swift */; };
		EE8A85542AB60E590074E0FB /* SensitiveInfo.swift in Sources */ = {isa = PBXBuildFile; fileRef = EE8A85532AB60E590074E0FB /* SensitiveInfo.swift */; };
		EE8A85562AB68B4D0074E0FB /* ErrorCodeRegister.swift in Sources */ = {isa = PBXBuildFile; fileRef = EE8A85552AB68B4D0074E0FB /* ErrorCodeRegister.swift */; };
		EE8A85612AB6A9D90074E0FB /* TranslationHistoryViewModelTest.swift in Sources */ = {isa = PBXBuildFile; fileRef = EE8A85602AB6A9D90074E0FB /* TranslationHistoryViewModelTest.swift */; };
		EE8A85682AB6B8A90074E0FB /* PopUpViewModelTest.swift in Sources */ = {isa = PBXBuildFile; fileRef = EE8A85672AB6B8A90074E0FB /* PopUpViewModelTest.swift */; };
		EE8A856A2AB6BF5C0074E0FB /* Readme.md in Resources */ = {isa = PBXBuildFile; fileRef = EE8A85692AB6BF5C0074E0FB /* Readme.md */; };
		EEDBFCD22AAB01D000E3D5EF /* LinguaLinkApp.swift in Sources */ = {isa = PBXBuildFile; fileRef = EEDBFCD12AAB01D000E3D5EF /* LinguaLinkApp.swift */; };
		EEDBFCD42AAB01D000E3D5EF /* TranslationView.swift in Sources */ = {isa = PBXBuildFile; fileRef = EEDBFCD32AAB01D000E3D5EF /* TranslationView.swift */; };
		EEDBFCD62AAB01D000E3D5EF /* Assets.xcassets in Resources */ = {isa = PBXBuildFile; fileRef = EEDBFCD52AAB01D000E3D5EF /* Assets.xcassets */; };
		EEDBFCD92AAB01D000E3D5EF /* Preview Assets.xcassets in Resources */ = {isa = PBXBuildFile; fileRef = EEDBFCD82AAB01D000E3D5EF /* Preview Assets.xcassets */; };
		EEDBFCDB2AAB01D000E3D5EF /* Persistence.swift in Sources */ = {isa = PBXBuildFile; fileRef = EEDBFCDA2AAB01D000E3D5EF /* Persistence.swift */; };
		EEDBFCDE2AAB01D000E3D5EF /* LinguaLink.xcdatamodeld in Sources */ = {isa = PBXBuildFile; fileRef = EEDBFCDC2AAB01D000E3D5EF /* LinguaLink.xcdatamodeld */; };
		EEDBFCE82AAB029F00E3D5EF /* TranslationHistory.swift in Sources */ = {isa = PBXBuildFile; fileRef = EEDBFCE72AAB029F00E3D5EF /* TranslationHistory.swift */; };
		EEDBFCEA2AAB032500E3D5EF /* TranslationServiceViewModel.swift in Sources */ = {isa = PBXBuildFile; fileRef = EEDBFCE92AAB032500E3D5EF /* TranslationServiceViewModel.swift */; };
		EEDBFCEC2AAB03A900E3D5EF /* TranslationService.swift in Sources */ = {isa = PBXBuildFile; fileRef = EEDBFCEB2AAB03A900E3D5EF /* TranslationService.swift */; };
		EEDBFCEE2AAB598000E3D5EF /* MainView.swift in Sources */ = {isa = PBXBuildFile; fileRef = EEDBFCED2AAB598000E3D5EF /* MainView.swift */; };
		EEDBFCF02AAB61E800E3D5EF /* TranslationHistoryView.swift in Sources */ = {isa = PBXBuildFile; fileRef = EEDBFCEF2AAB61E800E3D5EF /* TranslationHistoryView.swift */; };
		EEDBFCF22AAC47AB00E3D5EF /* SettingView.swift in Sources */ = {isa = PBXBuildFile; fileRef = EEDBFCF12AAC47AB00E3D5EF /* SettingView.swift */; };
		EEDBFCF42AAD720D00E3D5EF /* AppDefaults.swift in Sources */ = {isa = PBXBuildFile; fileRef = EEDBFCF32AAD720D00E3D5EF /* AppDefaults.swift */; };
		EEDBFCF82AADF63600E3D5EF /* LanguageOptions.json in Resources */ = {isa = PBXBuildFile; fileRef = EEDBFCF72AADF63600E3D5EF /* LanguageOptions.json */; };
		EEDBFCFA2AADF7A400E3D5EF /* LanguageOptionManager.swift in Sources */ = {isa = PBXBuildFile; fileRef = EEDBFCF92AADF7A400E3D5EF /* LanguageOptionManager.swift */; };
/* End PBXBuildFile section */

/* Begin PBXContainerItemProxy section */
		EE8A85622AB6A9D90074E0FB /* PBXContainerItemProxy */ = {
			isa = PBXContainerItemProxy;
			containerPortal = EEDBFCC62AAB01D000E3D5EF /* Project object */;
			proxyType = 1;
			remoteGlobalIDString = EEDBFCCD2AAB01D000E3D5EF;
			remoteInfo = LinguaLink;
		};
/* End PBXContainerItemProxy section */

/* Begin PBXFileReference section */
		65ADE5247B392913DC7A83DF /* Pods_LinguaLink.framework */ = {isa = PBXFileReference; explicitFileType = wrapper.framework; includeInIndex = 0; path = Pods_LinguaLink.framework; sourceTree = BUILT_PRODUCTS_DIR; };
		6C5CF1BFC805C22DAD6ACB1C /* Pods-LinguaLink.debug.xcconfig */ = {isa = PBXFileReference; includeInIndex = 1; lastKnownFileType = text.xcconfig; name = "Pods-LinguaLink.debug.xcconfig"; path = "Target Support Files/Pods-LinguaLink/Pods-LinguaLink.debug.xcconfig"; sourceTree = "<group>"; };
		EE2F3CF92AAED7250053A2D4 /* OCRManager.swift */ = {isa = PBXFileReference; lastKnownFileType = sourcecode.swift; path = OCRManager.swift; sourceTree = "<group>"; };
		EE2F3CFD2AAEE4DA0053A2D4 /* CameraManager.swift */ = {isa = PBXFileReference; lastKnownFileType = sourcecode.swift; path = CameraManager.swift; sourceTree = "<group>"; };
		EE2F3CFF2AAEE7E20053A2D4 /* ImagePicker.swift */ = {isa = PBXFileReference; lastKnownFileType = sourcecode.swift; path = ImagePicker.swift; sourceTree = "<group>"; };
		EE5174862AAF618800CFB249 /* LanguageDetectionManager.swift */ = {isa = PBXFileReference; lastKnownFileType = sourcecode.swift; path = LanguageDetectionManager.swift; sourceTree = "<group>"; };
		EE5174882AB0089000CFB249 /* SpeakTextManager.swift */ = {isa = PBXFileReference; lastKnownFileType = sourcecode.swift; path = SpeakTextManager.swift; sourceTree = "<group>"; };
		EE51748A2AB01EF500CFB249 /* PopUpViewModel.swift */ = {isa = PBXFileReference; lastKnownFileType = sourcecode.swift; path = PopUpViewModel.swift; sourceTree = "<group>"; };
		EE51748C2AB01F3300CFB249 /* PopUpView.swift */ = {isa = PBXFileReference; lastKnownFileType = sourcecode.swift; path = PopUpView.swift; sourceTree = "<group>"; };
		EE51748E2AB148F700CFB249 /* TranslationHistoryDetailView.swift */ = {isa = PBXFileReference; lastKnownFileType = sourcecode.swift; path = TranslationHistoryDetailView.swift; sourceTree = "<group>"; };
		EE5174902AB2A39000CFB249 /* TranslationHistoryCellView.swift */ = {isa = PBXFileReference; lastKnownFileType = sourcecode.swift; path = TranslationHistoryCellView.swift; sourceTree = "<group>"; };
		EE5174922AB2E28C00CFB249 /* TranslationHistoryViewModel.swift */ = {isa = PBXFileReference; lastKnownFileType = sourcecode.swift; path = TranslationHistoryViewModel.swift; sourceTree = "<group>"; };
		EE8A854F2AB418D20074E0FB /* OpenAIServiceManager.swift */ = {isa = PBXFileReference; lastKnownFileType = sourcecode.swift; path = OpenAIServiceManager.swift; sourceTree = "<group>"; };
		EE8A85532AB60E590074E0FB /* SensitiveInfo.swift */ = {isa = PBXFileReference; lastKnownFileType = sourcecode.swift; path = SensitiveInfo.swift; sourceTree = "<group>"; };
		EE8A85552AB68B4D0074E0FB /* ErrorCodeRegister.swift */ = {isa = PBXFileReference; lastKnownFileType = sourcecode.swift; path = ErrorCodeRegister.swift; sourceTree = "<group>"; };
		EE8A855E2AB6A9D90074E0FB /* LinguaLinkTests.xctest */ = {isa = PBXFileReference; explicitFileType = wrapper.cfbundle; includeInIndex = 0; path = LinguaLinkTests.xctest; sourceTree = BUILT_PRODUCTS_DIR; };
		EE8A85602AB6A9D90074E0FB /* TranslationHistoryViewModelTest.swift */ = {isa = PBXFileReference; lastKnownFileType = sourcecode.swift; path = TranslationHistoryViewModelTest.swift; sourceTree = "<group>"; };
		EE8A85672AB6B8A90074E0FB /* PopUpViewModelTest.swift */ = {isa = PBXFileReference; lastKnownFileType = sourcecode.swift; path = PopUpViewModelTest.swift; sourceTree = "<group>"; };
		EE8A85692AB6BF5C0074E0FB /* Readme.md */ = {isa = PBXFileReference; lastKnownFileType = net.daringfireball.markdown; path = Readme.md; sourceTree = "<group>"; };
		EEDBFCCE2AAB01D000E3D5EF /* LinguaLink.app */ = {isa = PBXFileReference; explicitFileType = wrapper.application; includeInIndex = 0; path = LinguaLink.app; sourceTree = BUILT_PRODUCTS_DIR; };
		EEDBFCD12AAB01D000E3D5EF /* LinguaLinkApp.swift */ = {isa = PBXFileReference; lastKnownFileType = sourcecode.swift; path = LinguaLinkApp.swift; sourceTree = "<group>"; };
		EEDBFCD32AAB01D000E3D5EF /* TranslationView.swift */ = {isa = PBXFileReference; lastKnownFileType = sourcecode.swift; path = TranslationView.swift; sourceTree = "<group>"; };
		EEDBFCD52AAB01D000E3D5EF /* Assets.xcassets */ = {isa = PBXFileReference; lastKnownFileType = folder.assetcatalog; path = Assets.xcassets; sourceTree = "<group>"; };
		EEDBFCD82AAB01D000E3D5EF /* Preview Assets.xcassets */ = {isa = PBXFileReference; lastKnownFileType = folder.assetcatalog; path = "Preview Assets.xcassets"; sourceTree = "<group>"; };
		EEDBFCDA2AAB01D000E3D5EF /* Persistence.swift */ = {isa = PBXFileReference; lastKnownFileType = sourcecode.swift; path = Persistence.swift; sourceTree = "<group>"; };
		EEDBFCDD2AAB01D000E3D5EF /* LinguaLink.xcdatamodel */ = {isa = PBXFileReference; lastKnownFileType = wrapper.xcdatamodel; path = LinguaLink.xcdatamodel; sourceTree = "<group>"; };
		EEDBFCE72AAB029F00E3D5EF /* TranslationHistory.swift */ = {isa = PBXFileReference; lastKnownFileType = sourcecode.swift; path = TranslationHistory.swift; sourceTree = "<group>"; };
		EEDBFCE92AAB032500E3D5EF /* TranslationServiceViewModel.swift */ = {isa = PBXFileReference; lastKnownFileType = sourcecode.swift; path = TranslationServiceViewModel.swift; sourceTree = "<group>"; };
		EEDBFCEB2AAB03A900E3D5EF /* TranslationService.swift */ = {isa = PBXFileReference; lastKnownFileType = sourcecode.swift; path = TranslationService.swift; sourceTree = "<group>"; };
		EEDBFCED2AAB598000E3D5EF /* MainView.swift */ = {isa = PBXFileReference; lastKnownFileType = sourcecode.swift; path = MainView.swift; sourceTree = "<group>"; };
		EEDBFCEF2AAB61E800E3D5EF /* TranslationHistoryView.swift */ = {isa = PBXFileReference; lastKnownFileType = sourcecode.swift; path = TranslationHistoryView.swift; sourceTree = "<group>"; };
		EEDBFCF12AAC47AB00E3D5EF /* SettingView.swift */ = {isa = PBXFileReference; lastKnownFileType = sourcecode.swift; path = SettingView.swift; sourceTree = "<group>"; };
		EEDBFCF32AAD720D00E3D5EF /* AppDefaults.swift */ = {isa = PBXFileReference; lastKnownFileType = sourcecode.swift; path = AppDefaults.swift; sourceTree = "<group>"; };
		EEDBFCF72AADF63600E3D5EF /* LanguageOptions.json */ = {isa = PBXFileReference; fileEncoding = 4; lastKnownFileType = text.json; path = LanguageOptions.json; sourceTree = "<group>"; };
		EEDBFCF92AADF7A400E3D5EF /* LanguageOptionManager.swift */ = {isa = PBXFileReference; lastKnownFileType = sourcecode.swift; path = LanguageOptionManager.swift; sourceTree = "<group>"; };
		F05CFE0FA49761E454B7AE9E /* Pods-LinguaLink.release.xcconfig */ = {isa = PBXFileReference; includeInIndex = 1; lastKnownFileType = text.xcconfig; name = "Pods-LinguaLink.release.xcconfig"; path = "Target Support Files/Pods-LinguaLink/Pods-LinguaLink.release.xcconfig"; sourceTree = "<group>"; };
/* End PBXFileReference section */

/* Begin PBXFrameworksBuildPhase section */
		EE8A855B2AB6A9D90074E0FB /* Frameworks */ = {
			isa = PBXFrameworksBuildPhase;
			buildActionMask = 2147483647;
			files = (
			);
			runOnlyForDeploymentPostprocessing = 0;
		};
		EEDBFCCB2AAB01D000E3D5EF /* Frameworks */ = {
			isa = PBXFrameworksBuildPhase;
			buildActionMask = 2147483647;
			files = (
				1AEADBA606700196CF14DCB6 /* Pods_LinguaLink.framework in Frameworks */,
			);
			runOnlyForDeploymentPostprocessing = 0;
		};
/* End PBXFrameworksBuildPhase section */

/* Begin PBXGroup section */
		5AFACFCC15724BD5B3D670CD /* Frameworks */ = {
			isa = PBXGroup;
			children = (
				65ADE5247B392913DC7A83DF /* Pods_LinguaLink.framework */,
			);
			name = Frameworks;
			sourceTree = "<group>";
		};
		EE8A855F2AB6A9D90074E0FB /* LinguaLinkTests */ = {
			isa = PBXGroup;
			children = (
				EE8A85602AB6A9D90074E0FB /* TranslationHistoryViewModelTest.swift */,
				EE8A85672AB6B8A90074E0FB /* PopUpViewModelTest.swift */,
			);
			path = LinguaLinkTests;
			sourceTree = "<group>";
		};
		EEDBFCC52AAB01D000E3D5EF = {
			isa = PBXGroup;
			children = (
				EE8A85692AB6BF5C0074E0FB /* Readme.md */,
				EEDBFCD02AAB01D000E3D5EF /* LinguaLink */,
				EE8A855F2AB6A9D90074E0FB /* LinguaLinkTests */,
				EEDBFCCF2AAB01D000E3D5EF /* Products */,
				F75484E929CFA8184CF6A472 /* Pods */,
				5AFACFCC15724BD5B3D670CD /* Frameworks */,
			);
			sourceTree = "<group>";
		};
		EEDBFCCF2AAB01D000E3D5EF /* Products */ = {
			isa = PBXGroup;
			children = (
				EEDBFCCE2AAB01D000E3D5EF /* LinguaLink.app */,
				EE8A855E2AB6A9D90074E0FB /* LinguaLinkTests.xctest */,
			);
			name = Products;
			sourceTree = "<group>";
		};
		EEDBFCD02AAB01D000E3D5EF /* LinguaLink */ = {
			isa = PBXGroup;
			children = (
				EEDBFCD12AAB01D000E3D5EF /* LinguaLinkApp.swift */,
				EEDBFCE42AAB01F400E3D5EF /* Model */,
				EEDBFCE62AAB021100E3D5EF /* View */,
				EEDBFCE52AAB01FB00E3D5EF /* ViewModel */,
				EEDBFCD52AAB01D000E3D5EF /* Assets.xcassets */,
				EEDBFCDA2AAB01D000E3D5EF /* Persistence.swift */,
				EEDBFCDC2AAB01D000E3D5EF /* LinguaLink.xcdatamodeld */,
				EEDBFCD72AAB01D000E3D5EF /* Preview Content */,
			);
			path = LinguaLink;
			sourceTree = "<group>";
		};
		EEDBFCD72AAB01D000E3D5EF /* Preview Content */ = {
			isa = PBXGroup;
			children = (
				EEDBFCD82AAB01D000E3D5EF /* Preview Assets.xcassets */,
			);
			path = "Preview Content";
			sourceTree = "<group>";
		};
		EEDBFCE42AAB01F400E3D5EF /* Model */ = {
			isa = PBXGroup;
			children = (
				EEDBFCF72AADF63600E3D5EF /* LanguageOptions.json */,
				EEDBFCE72AAB029F00E3D5EF /* TranslationHistory.swift */,
				EE2F3CFF2AAEE7E20053A2D4 /* ImagePicker.swift */,
				EEDBFCF92AADF7A400E3D5EF /* LanguageOptionManager.swift */,
				EE8A85552AB68B4D0074E0FB /* ErrorCodeRegister.swift */,
				EEDBFCEB2AAB03A900E3D5EF /* TranslationService.swift */,
				EE8A854F2AB418D20074E0FB /* OpenAIServiceManager.swift */,
				EE2F3CFD2AAEE4DA0053A2D4 /* CameraManager.swift */,
				EE2F3CF92AAED7250053A2D4 /* OCRManager.swift */,
				EE8A85532AB60E590074E0FB /* SensitiveInfo.swift */,
				EE5174862AAF618800CFB249 /* LanguageDetectionManager.swift */,
				EEDBFCF32AAD720D00E3D5EF /* AppDefaults.swift */,
				EE5174882AB0089000CFB249 /* SpeakTextManager.swift */,
			);
			path = Model;
			sourceTree = "<group>";
		};
		EEDBFCE52AAB01FB00E3D5EF /* ViewModel */ = {
			isa = PBXGroup;
			children = (
				EEDBFCE92AAB032500E3D5EF /* TranslationServiceViewModel.swift */,
				EE5174922AB2E28C00CFB249 /* TranslationHistoryViewModel.swift */,
				EE51748A2AB01EF500CFB249 /* PopUpViewModel.swift */,
			);
			path = ViewModel;
			sourceTree = "<group>";
		};
		EEDBFCE62AAB021100E3D5EF /* View */ = {
			isa = PBXGroup;
			children = (
				EEDBFCD32AAB01D000E3D5EF /* TranslationView.swift */,
				EEDBFCEF2AAB61E800E3D5EF /* TranslationHistoryView.swift */,
				EE5174902AB2A39000CFB249 /* TranslationHistoryCellView.swift */,
				EE51748E2AB148F700CFB249 /* TranslationHistoryDetailView.swift */,
				EEDBFCED2AAB598000E3D5EF /* MainView.swift */,
				EEDBFCF12AAC47AB00E3D5EF /* SettingView.swift */,
				EE51748C2AB01F3300CFB249 /* PopUpView.swift */,
			);
			path = View;
			sourceTree = "<group>";
		};
		F75484E929CFA8184CF6A472 /* Pods */ = {
			isa = PBXGroup;
			children = (
				6C5CF1BFC805C22DAD6ACB1C /* Pods-LinguaLink.debug.xcconfig */,
				F05CFE0FA49761E454B7AE9E /* Pods-LinguaLink.release.xcconfig */,
			);
			path = Pods;
			sourceTree = "<group>";
		};
/* End PBXGroup section */

/* Begin PBXNativeTarget section */
		EE8A855D2AB6A9D90074E0FB /* LinguaLinkTests */ = {
			isa = PBXNativeTarget;
			buildConfigurationList = EE8A85642AB6A9D90074E0FB /* Build configuration list for PBXNativeTarget "LinguaLinkTests" */;
			buildPhases = (
				EE8A855A2AB6A9D90074E0FB /* Sources */,
				EE8A855B2AB6A9D90074E0FB /* Frameworks */,
				EE8A855C2AB6A9D90074E0FB /* Resources */,
			);
			buildRules = (
			);
			dependencies = (
				EE8A85632AB6A9D90074E0FB /* PBXTargetDependency */,
			);
			name = LinguaLinkTests;
			productName = LinguaLinkTests;
			productReference = EE8A855E2AB6A9D90074E0FB /* LinguaLinkTests.xctest */;
			productType = "com.apple.product-type.bundle.unit-test";
		};
		EEDBFCCD2AAB01D000E3D5EF /* LinguaLink */ = {
			isa = PBXNativeTarget;
			buildConfigurationList = EEDBFCE12AAB01D000E3D5EF /* Build configuration list for PBXNativeTarget "LinguaLink" */;
			buildPhases = (
				CBD9EC7E3F99BED9CED239EB /* [CP] Check Pods Manifest.lock */,
				EEDBFCCA2AAB01D000E3D5EF /* Sources */,
				EEDBFCCB2AAB01D000E3D5EF /* Frameworks */,
				EEDBFCCC2AAB01D000E3D5EF /* Resources */,
				AD52ED68AC27D9F08659C91B /* [CP] Embed Pods Frameworks */,
			);
			buildRules = (
			);
			dependencies = (
			);
			name = LinguaLink;
			productName = LinguaLink;
			productReference = EEDBFCCE2AAB01D000E3D5EF /* LinguaLink.app */;
			productType = "com.apple.product-type.application";
		};
/* End PBXNativeTarget section */

/* Begin PBXProject section */
		EEDBFCC62AAB01D000E3D5EF /* Project object */ = {
			isa = PBXProject;
			attributes = {
				BuildIndependentTargetsInParallel = 1;
				LastSwiftUpdateCheck = 1430;
				LastUpgradeCheck = 1420;
				TargetAttributes = {
					EE8A855D2AB6A9D90074E0FB = {
						CreatedOnToolsVersion = 14.3.1;
						TestTargetID = EEDBFCCD2AAB01D000E3D5EF;
					};
					EEDBFCCD2AAB01D000E3D5EF = {
						CreatedOnToolsVersion = 14.2;
					};
				};
			};
			buildConfigurationList = EEDBFCC92AAB01D000E3D5EF /* Build configuration list for PBXProject "LinguaLink" */;
			compatibilityVersion = "Xcode 14.0";
			developmentRegion = en;
			hasScannedForEncodings = 0;
			knownRegions = (
				en,
				Base,
			);
			mainGroup = EEDBFCC52AAB01D000E3D5EF;
			productRefGroup = EEDBFCCF2AAB01D000E3D5EF /* Products */;
			projectDirPath = "";
			projectRoot = "";
			targets = (
				EEDBFCCD2AAB01D000E3D5EF /* LinguaLink */,
				EE8A855D2AB6A9D90074E0FB /* LinguaLinkTests */,
			);
		};
/* End PBXProject section */

/* Begin PBXResourcesBuildPhase section */
		EE8A855C2AB6A9D90074E0FB /* Resources */ = {
			isa = PBXResourcesBuildPhase;
			buildActionMask = 2147483647;
			files = (
			);
			runOnlyForDeploymentPostprocessing = 0;
		};
		EEDBFCCC2AAB01D000E3D5EF /* Resources */ = {
			isa = PBXResourcesBuildPhase;
			buildActionMask = 2147483647;
			files = (
				EE8A856A2AB6BF5C0074E0FB /* Readme.md in Resources */,
				EEDBFCD92AAB01D000E3D5EF /* Preview Assets.xcassets in Resources */,
				EEDBFCF82AADF63600E3D5EF /* LanguageOptions.json in Resources */,
				EEDBFCD62AAB01D000E3D5EF /* Assets.xcassets in Resources */,
			);
			runOnlyForDeploymentPostprocessing = 0;
		};
/* End PBXResourcesBuildPhase section */

/* Begin PBXShellScriptBuildPhase section */
		AD52ED68AC27D9F08659C91B /* [CP] Embed Pods Frameworks */ = {
			isa = PBXShellScriptBuildPhase;
			buildActionMask = 2147483647;
			files = (
			);
			inputFileListPaths = (
				"${PODS_ROOT}/Target Support Files/Pods-LinguaLink/Pods-LinguaLink-frameworks-${CONFIGURATION}-input-files.xcfilelist",
			);
			name = "[CP] Embed Pods Frameworks";
			outputFileListPaths = (
				"${PODS_ROOT}/Target Support Files/Pods-LinguaLink/Pods-LinguaLink-frameworks-${CONFIGURATION}-output-files.xcfilelist",
			);
			runOnlyForDeploymentPostprocessing = 0;
			shellPath = /bin/sh;
			shellScript = "\"${PODS_ROOT}/Target Support Files/Pods-LinguaLink/Pods-LinguaLink-frameworks.sh\"\n";
			showEnvVarsInLog = 0;
		};
		CBD9EC7E3F99BED9CED239EB /* [CP] Check Pods Manifest.lock */ = {
			isa = PBXShellScriptBuildPhase;
			buildActionMask = 2147483647;
			files = (
			);
			inputFileListPaths = (
			);
			inputPaths = (
				"${PODS_PODFILE_DIR_PATH}/Podfile.lock",
				"${PODS_ROOT}/Manifest.lock",
			);
			name = "[CP] Check Pods Manifest.lock";
			outputFileListPaths = (
			);
			outputPaths = (
				"$(DERIVED_FILE_DIR)/Pods-LinguaLink-checkManifestLockResult.txt",
			);
			runOnlyForDeploymentPostprocessing = 0;
			shellPath = /bin/sh;
			shellScript = "diff \"${PODS_PODFILE_DIR_PATH}/Podfile.lock\" \"${PODS_ROOT}/Manifest.lock\" > /dev/null\nif [ $? != 0 ] ; then\n    # print error to STDERR\n    echo \"error: The sandbox is not in sync with the Podfile.lock. Run 'pod install' or update your CocoaPods installation.\" >&2\n    exit 1\nfi\n# This output is used by Xcode 'outputs' to avoid re-running this script phase.\necho \"SUCCESS\" > \"${SCRIPT_OUTPUT_FILE_0}\"\n";
			showEnvVarsInLog = 0;
		};
/* End PBXShellScriptBuildPhase section */

/* Begin PBXSourcesBuildPhase section */
		EE8A855A2AB6A9D90074E0FB /* Sources */ = {
			isa = PBXSourcesBuildPhase;
			buildActionMask = 2147483647;
			files = (
				EE8A85612AB6A9D90074E0FB /* TranslationHistoryViewModelTest.swift in Sources */,
				EE8A85682AB6B8A90074E0FB /* PopUpViewModelTest.swift in Sources */,
			);
			runOnlyForDeploymentPostprocessing = 0;
		};
		EEDBFCCA2AAB01D000E3D5EF /* Sources */ = {
			isa = PBXSourcesBuildPhase;
			buildActionMask = 2147483647;
			files = (
				EE51748F2AB148F700CFB249 /* TranslationHistoryDetailView.swift in Sources */,
				EEDBFCEA2AAB032500E3D5EF /* TranslationServiceViewModel.swift in Sources */,
				EEDBFCF22AAC47AB00E3D5EF /* SettingView.swift in Sources */,
				EEDBFCEE2AAB598000E3D5EF /* MainView.swift in Sources */,
				EEDBFCDB2AAB01D000E3D5EF /* Persistence.swift in Sources */,
				EEDBFCDE2AAB01D000E3D5EF /* LinguaLink.xcdatamodeld in Sources */,
				EE5174892AB0089000CFB249 /* SpeakTextManager.swift in Sources */,
				EEDBFCD42AAB01D000E3D5EF /* TranslationView.swift in Sources */,
				EE5174912AB2A39000CFB249 /* TranslationHistoryCellView.swift in Sources */,
				EE51748B2AB01EF500CFB249 /* PopUpViewModel.swift in Sources */,
				EE2F3CFA2AAED7250053A2D4 /* OCRManager.swift in Sources */,
				EE5174872AAF618800CFB249 /* LanguageDetectionManager.swift in Sources */,
				EEDBFCFA2AADF7A400E3D5EF /* LanguageOptionManager.swift in Sources */,
				EE2F3CFE2AAEE4DA0053A2D4 /* CameraManager.swift in Sources */,
				EEDBFCD22AAB01D000E3D5EF /* LinguaLinkApp.swift in Sources */,
				EE8A85502AB418D20074E0FB /* OpenAIServiceManager.swift in Sources */,
				EE8A85562AB68B4D0074E0FB /* ErrorCodeRegister.swift in Sources */,
				EEDBFCEC2AAB03A900E3D5EF /* TranslationService.swift in Sources */,
				EEDBFCF42AAD720D00E3D5EF /* AppDefaults.swift in Sources */,
				EE51748D2AB01F3300CFB249 /* PopUpView.swift in Sources */,
				EE2F3D002AAEE7E20053A2D4 /* ImagePicker.swift in Sources */,
				EE8A85542AB60E590074E0FB /* SensitiveInfo.swift in Sources */,
				EEDBFCF02AAB61E800E3D5EF /* TranslationHistoryView.swift in Sources */,
				EEDBFCE82AAB029F00E3D5EF /* TranslationHistory.swift in Sources */,
				EE5174932AB2E28C00CFB249 /* TranslationHistoryViewModel.swift in Sources */,
			);
			runOnlyForDeploymentPostprocessing = 0;
		};
/* End PBXSourcesBuildPhase section */

/* Begin PBXTargetDependency section */
		EE8A85632AB6A9D90074E0FB /* PBXTargetDependency */ = {
			isa = PBXTargetDependency;
			target = EEDBFCCD2AAB01D000E3D5EF /* LinguaLink */;
			targetProxy = EE8A85622AB6A9D90074E0FB /* PBXContainerItemProxy */;
		};
/* End PBXTargetDependency section */

/* Begin XCBuildConfiguration section */
		EE8A85652AB6A9D90074E0FB /* Debug */ = {
			isa = XCBuildConfiguration;
			buildSettings = {
				BUNDLE_LOADER = "$(TEST_HOST)";
				CODE_SIGN_STYLE = Automatic;
				CURRENT_PROJECT_VERSION = 1;
				DEVELOPMENT_TEAM = GF884VD933;
				GENERATE_INFOPLIST_FILE = YES;
				IPHONEOS_DEPLOYMENT_TARGET = 16.4;
				MARKETING_VERSION = 1.0;
				PRODUCT_BUNDLE_IDENTIFIER = AdvancedIOSProject1.LinguaLinkTests;
				PRODUCT_NAME = "$(TARGET_NAME)";
				SWIFT_EMIT_LOC_STRINGS = NO;
				SWIFT_VERSION = 5.0;
				TARGETED_DEVICE_FAMILY = "1,2";
				TEST_HOST = "$(BUILT_PRODUCTS_DIR)/LinguaLink.app/$(BUNDLE_EXECUTABLE_FOLDER_PATH)/LinguaLink";
			};
			name = Debug;
		};
		EE8A85662AB6A9D90074E0FB /* Release */ = {
			isa = XCBuildConfiguration;
			buildSettings = {
				BUNDLE_LOADER = "$(TEST_HOST)";
				CODE_SIGN_STYLE = Automatic;
				CURRENT_PROJECT_VERSION = 1;
				DEVELOPMENT_TEAM = GF884VD933;
				GENERATE_INFOPLIST_FILE = YES;
				IPHONEOS_DEPLOYMENT_TARGET = 16.4;
				MARKETING_VERSION = 1.0;
				PRODUCT_BUNDLE_IDENTIFIER = AdvancedIOSProject1.LinguaLinkTests;
				PRODUCT_NAME = "$(TARGET_NAME)";
				SWIFT_EMIT_LOC_STRINGS = NO;
				SWIFT_VERSION = 5.0;
				TARGETED_DEVICE_FAMILY = "1,2";
				TEST_HOST = "$(BUILT_PRODUCTS_DIR)/LinguaLink.app/$(BUNDLE_EXECUTABLE_FOLDER_PATH)/LinguaLink";
			};
			name = Release;
		};
		EEDBFCDF2AAB01D000E3D5EF /* Debug */ = {
			isa = XCBuildConfiguration;
			buildSettings = {
				ALWAYS_SEARCH_USER_PATHS = NO;
				CLANG_ANALYZER_NONNULL = YES;
				CLANG_ANALYZER_NUMBER_OBJECT_CONVERSION = YES_AGGRESSIVE;
				CLANG_CXX_LANGUAGE_STANDARD = "gnu++20";
				CLANG_ENABLE_MODULES = YES;
				CLANG_ENABLE_OBJC_ARC = YES;
				CLANG_ENABLE_OBJC_WEAK = YES;
				CLANG_WARN_BLOCK_CAPTURE_AUTORELEASING = YES;
				CLANG_WARN_BOOL_CONVERSION = YES;
				CLANG_WARN_COMMA = YES;
				CLANG_WARN_CONSTANT_CONVERSION = YES;
				CLANG_WARN_DEPRECATED_OBJC_IMPLEMENTATIONS = YES;
				CLANG_WARN_DIRECT_OBJC_ISA_USAGE = YES_ERROR;
				CLANG_WARN_DOCUMENTATION_COMMENTS = YES;
				CLANG_WARN_EMPTY_BODY = YES;
				CLANG_WARN_ENUM_CONVERSION = YES;
				CLANG_WARN_INFINITE_RECURSION = YES;
				CLANG_WARN_INT_CONVERSION = YES;
				CLANG_WARN_NON_LITERAL_NULL_CONVERSION = YES;
				CLANG_WARN_OBJC_IMPLICIT_RETAIN_SELF = YES;
				CLANG_WARN_OBJC_LITERAL_CONVERSION = YES;
				CLANG_WARN_OBJC_ROOT_CLASS = YES_ERROR;
				CLANG_WARN_QUOTED_INCLUDE_IN_FRAMEWORK_HEADER = YES;
				CLANG_WARN_RANGE_LOOP_ANALYSIS = YES;
				CLANG_WARN_STRICT_PROTOTYPES = YES;
				CLANG_WARN_SUSPICIOUS_MOVE = YES;
				CLANG_WARN_UNGUARDED_AVAILABILITY = YES_AGGRESSIVE;
				CLANG_WARN_UNREACHABLE_CODE = YES;
				CLANG_WARN__DUPLICATE_METHOD_MATCH = YES;
				COPY_PHASE_STRIP = NO;
				DEBUG_INFORMATION_FORMAT = dwarf;
				ENABLE_STRICT_OBJC_MSGSEND = YES;
				ENABLE_TESTABILITY = YES;
				GCC_C_LANGUAGE_STANDARD = gnu11;
				GCC_DYNAMIC_NO_PIC = NO;
				GCC_NO_COMMON_BLOCKS = YES;
				GCC_OPTIMIZATION_LEVEL = 0;
				GCC_PREPROCESSOR_DEFINITIONS = (
					"DEBUG=1",
					"$(inherited)",
				);
				GCC_WARN_64_TO_32_BIT_CONVERSION = YES;
				GCC_WARN_ABOUT_RETURN_TYPE = YES_ERROR;
				GCC_WARN_UNDECLARED_SELECTOR = YES;
				GCC_WARN_UNINITIALIZED_AUTOS = YES_AGGRESSIVE;
				GCC_WARN_UNUSED_FUNCTION = YES;
				GCC_WARN_UNUSED_VARIABLE = YES;
				IPHONEOS_DEPLOYMENT_TARGET = 16.2;
				MTL_ENABLE_DEBUG_INFO = INCLUDE_SOURCE;
				MTL_FAST_MATH = YES;
				ONLY_ACTIVE_ARCH = YES;
				SDKROOT = iphoneos;
				SWIFT_ACTIVE_COMPILATION_CONDITIONS = DEBUG;
				SWIFT_OPTIMIZATION_LEVEL = "-Onone";
			};
			name = Debug;
		};
		EEDBFCE02AAB01D000E3D5EF /* Release */ = {
			isa = XCBuildConfiguration;
			buildSettings = {
				ALWAYS_SEARCH_USER_PATHS = NO;
				CLANG_ANALYZER_NONNULL = YES;
				CLANG_ANALYZER_NUMBER_OBJECT_CONVERSION = YES_AGGRESSIVE;
				CLANG_CXX_LANGUAGE_STANDARD = "gnu++20";
				CLANG_ENABLE_MODULES = YES;
				CLANG_ENABLE_OBJC_ARC = YES;
				CLANG_ENABLE_OBJC_WEAK = YES;
				CLANG_WARN_BLOCK_CAPTURE_AUTORELEASING = YES;
				CLANG_WARN_BOOL_CONVERSION = YES;
				CLANG_WARN_COMMA = YES;
				CLANG_WARN_CONSTANT_CONVERSION = YES;
				CLANG_WARN_DEPRECATED_OBJC_IMPLEMENTATIONS = YES;
				CLANG_WARN_DIRECT_OBJC_ISA_USAGE = YES_ERROR;
				CLANG_WARN_DOCUMENTATION_COMMENTS = YES;
				CLANG_WARN_EMPTY_BODY = YES;
				CLANG_WARN_ENUM_CONVERSION = YES;
				CLANG_WARN_INFINITE_RECURSION = YES;
				CLANG_WARN_INT_CONVERSION = YES;
				CLANG_WARN_NON_LITERAL_NULL_CONVERSION = YES;
				CLANG_WARN_OBJC_IMPLICIT_RETAIN_SELF = YES;
				CLANG_WARN_OBJC_LITERAL_CONVERSION = YES;
				CLANG_WARN_OBJC_ROOT_CLASS = YES_ERROR;
				CLANG_WARN_QUOTED_INCLUDE_IN_FRAMEWORK_HEADER = YES;
				CLANG_WARN_RANGE_LOOP_ANALYSIS = YES;
				CLANG_WARN_STRICT_PROTOTYPES = YES;
				CLANG_WARN_SUSPICIOUS_MOVE = YES;
				CLANG_WARN_UNGUARDED_AVAILABILITY = YES_AGGRESSIVE;
				CLANG_WARN_UNREACHABLE_CODE = YES;
				CLANG_WARN__DUPLICATE_METHOD_MATCH = YES;
				COPY_PHASE_STRIP = NO;
				DEBUG_INFORMATION_FORMAT = "dwarf-with-dsym";
				ENABLE_NS_ASSERTIONS = NO;
				ENABLE_STRICT_OBJC_MSGSEND = YES;
				GCC_C_LANGUAGE_STANDARD = gnu11;
				GCC_NO_COMMON_BLOCKS = YES;
				GCC_WARN_64_TO_32_BIT_CONVERSION = YES;
				GCC_WARN_ABOUT_RETURN_TYPE = YES_ERROR;
				GCC_WARN_UNDECLARED_SELECTOR = YES;
				GCC_WARN_UNINITIALIZED_AUTOS = YES_AGGRESSIVE;
				GCC_WARN_UNUSED_FUNCTION = YES;
				GCC_WARN_UNUSED_VARIABLE = YES;
				IPHONEOS_DEPLOYMENT_TARGET = 16.2;
				MTL_ENABLE_DEBUG_INFO = NO;
				MTL_FAST_MATH = YES;
				SDKROOT = iphoneos;
				SWIFT_COMPILATION_MODE = wholemodule;
				SWIFT_OPTIMIZATION_LEVEL = "-O";
				VALIDATE_PRODUCT = YES;
			};
			name = Release;
		};
		EEDBFCE22AAB01D000E3D5EF /* Debug */ = {
			isa = XCBuildConfiguration;
			baseConfigurationReference = 6C5CF1BFC805C22DAD6ACB1C /* Pods-LinguaLink.debug.xcconfig */;
			buildSettings = {
				ASSETCATALOG_COMPILER_APPICON_NAME = AppIcon;
				ASSETCATALOG_COMPILER_GLOBAL_ACCENT_COLOR_NAME = AccentColor;
				CODE_SIGN_STYLE = Automatic;
				CURRENT_PROJECT_VERSION = 1;
				DEVELOPMENT_ASSET_PATHS = "\"LinguaLink/Preview Content\"";
				DEVELOPMENT_TEAM = GF884VD933;
				ENABLE_PREVIEWS = YES;
				GENERATE_INFOPLIST_FILE = YES;
				INFOPLIST_FILE = LinguaLink/Info.plist;
				INFOPLIST_KEY_NSCameraUsageDescription = "We need access to your camera to capture images for text recognition.\n";
				INFOPLIST_KEY_UIApplicationSceneManifest_Generation = YES;
				INFOPLIST_KEY_UIApplicationSupportsIndirectInputEvents = YES;
				INFOPLIST_KEY_UILaunchScreen_Generation = YES;
				INFOPLIST_KEY_UISupportedInterfaceOrientations = UIInterfaceOrientationPortrait;
				INFOPLIST_KEY_UISupportedInterfaceOrientations_iPad = "UIInterfaceOrientationLandscapeLeft UIInterfaceOrientationLandscapeRight UIInterfaceOrientationPortrait UIInterfaceOrientationPortraitUpsideDown";
				IPHONEOS_DEPLOYMENT_TARGET = 16.2;
				LD_RUNPATH_SEARCH_PATHS = (
					"$(inherited)",
					"@executable_path/Frameworks",
				);
				MARKETING_VERSION = 1.0;
				PRODUCT_BUNDLE_IDENTIFIER = AdvancedIOSProject1.LinguaLink;
				PRODUCT_NAME = "$(TARGET_NAME)";
				SWIFT_EMIT_LOC_STRINGS = YES;
				SWIFT_VERSION = 5.0;
				TARGETED_DEVICE_FAMILY = "1,2";
			};
			name = Debug;
		};
		EEDBFCE32AAB01D000E3D5EF /* Release */ = {
			isa = XCBuildConfiguration;
			baseConfigurationReference = F05CFE0FA49761E454B7AE9E /* Pods-LinguaLink.release.xcconfig */;
			buildSettings = {
				ASSETCATALOG_COMPILER_APPICON_NAME = AppIcon;
				ASSETCATALOG_COMPILER_GLOBAL_ACCENT_COLOR_NAME = AccentColor;
				CODE_SIGN_STYLE = Automatic;
				CURRENT_PROJECT_VERSION = 1;
				DEVELOPMENT_ASSET_PATHS = "\"LinguaLink/Preview Content\"";
				DEVELOPMENT_TEAM = GF884VD933;
				ENABLE_PREVIEWS = YES;
				GENERATE_INFOPLIST_FILE = YES;
				INFOPLIST_FILE = LinguaLink/Info.plist;
				INFOPLIST_KEY_NSCameraUsageDescription = "We need access to your camera to capture images for text recognition.\n";
				INFOPLIST_KEY_UIApplicationSceneManifest_Generation = YES;
				INFOPLIST_KEY_UIApplicationSupportsIndirectInputEvents = YES;
				INFOPLIST_KEY_UILaunchScreen_Generation = YES;
				INFOPLIST_KEY_UISupportedInterfaceOrientations = UIInterfaceOrientationPortrait;
				INFOPLIST_KEY_UISupportedInterfaceOrientations_iPad = "UIInterfaceOrientationLandscapeLeft UIInterfaceOrientationLandscapeRight UIInterfaceOrientationPortrait UIInterfaceOrientationPortraitUpsideDown";
				IPHONEOS_DEPLOYMENT_TARGET = 16.2;
				LD_RUNPATH_SEARCH_PATHS = (
					"$(inherited)",
					"@executable_path/Frameworks",
				);
				MARKETING_VERSION = 1.0;
				PRODUCT_BUNDLE_IDENTIFIER = AdvancedIOSProject1.LinguaLink;
				PRODUCT_NAME = "$(TARGET_NAME)";
				SWIFT_EMIT_LOC_STRINGS = YES;
				SWIFT_VERSION = 5.0;
				TARGETED_DEVICE_FAMILY = "1,2";
			};
			name = Release;
		};
/* End XCBuildConfiguration section */

/* Begin XCConfigurationList section */
		EE8A85642AB6A9D90074E0FB /* Build configuration list for PBXNativeTarget "LinguaLinkTests" */ = {
			isa = XCConfigurationList;
			buildConfigurations = (
				EE8A85652AB6A9D90074E0FB /* Debug */,
				EE8A85662AB6A9D90074E0FB /* Release */,
			);
			defaultConfigurationIsVisible = 0;
			defaultConfigurationName = Release;
		};
		EEDBFCC92AAB01D000E3D5EF /* Build configuration list for PBXProject "LinguaLink" */ = {
			isa = XCConfigurationList;
			buildConfigurations = (
				EEDBFCDF2AAB01D000E3D5EF /* Debug */,
				EEDBFCE02AAB01D000E3D5EF /* Release */,
			);
			defaultConfigurationIsVisible = 0;
			defaultConfigurationName = Release;
		};
		EEDBFCE12AAB01D000E3D5EF /* Build configuration list for PBXNativeTarget "LinguaLink" */ = {
			isa = XCConfigurationList;
			buildConfigurations = (
				EEDBFCE22AAB01D000E3D5EF /* Debug */,
				EEDBFCE32AAB01D000E3D5EF /* Release */,
			);
			defaultConfigurationIsVisible = 0;
			defaultConfigurationName = Release;
		};
/* End XCConfigurationList section */

/* Begin XCVersionGroup section */
		EEDBFCDC2AAB01D000E3D5EF /* LinguaLink.xcdatamodeld */ = {
			isa = XCVersionGroup;
			children = (
				EEDBFCDD2AAB01D000E3D5EF /* LinguaLink.xcdatamodel */,
			);
			currentVersion = EEDBFCDD2AAB01D000E3D5EF /* LinguaLink.xcdatamodel */;
			path = LinguaLink.xcdatamodeld;
			sourceTree = "<group>";
			versionGroupType = wrapper.xcdatamodel;
		};
/* End XCVersionGroup section */
	};
	rootObject = EEDBFCC62AAB01D000E3D5EF /* Project object */;
}
